
Microsoft Visual Studio Solution File, Format Version 12.00
# Visual Studio 15
VisualStudioVersion = 15.0.26124.0
MinimumVisualStudioVersion = 15.0.26124.0
Project("{FAE04EC0-301F-11D3-BF4B-00C04F79EFBC}") = "FrotaPim", "FrotaPim.Domain\FrotaPim.csproj", "{6BDFBFE0-DE3E-42E2-9A81-12F063A4B45D}"
EndProject
Project("{FAE04EC0-301F-11D3-BF4B-00C04F79EFBC}") = "FrotaPim.Data", "FrotaPim.Data\FrotaPim.Data.csproj", "{DBA4BF23-2F7E-4A96-A5CE-E6E131F5CEAA}"
EndProject
Project("{FAE04EC0-301F-11D3-BF4B-00C04F79EFBC}") = "FrotaPim.DI", "FrotaPim.DI\FrotaPim.DI.csproj", "{966A4F13-8E18-4C52-B5D3-8BCAD4C86CAE}"
EndProject
Project("{FAE04EC0-301F-11D3-BF4B-00C04F79EFBC}") = "FrotaPim.Web", "FrotaPim.Web\FrotaPim.Web.csproj", "{3A0D9EA0-57B8-4101-81BC-9FF978C726A0}"
EndProject
Global
	GlobalSection(SolutionConfigurationPlatforms) = preSolution
		Debug|Any CPU = Debug|Any CPU
		Debug|x64 = Debug|x64
		Debug|x86 = Debug|x86
		Release|Any CPU = Release|Any CPU
		Release|x64 = Release|x64
		Release|x86 = Release|x86
	EndGlobalSection
	GlobalSection(SolutionProperties) = preSolution
		HideSolutionNode = FALSE
	EndGlobalSection
	GlobalSection(ProjectConfigurationPlatforms) = postSolution
		{6BDFBFE0-DE3E-42E2-9A81-12F063A4B45D}.Debug|Any CPU.ActiveCfg = Debug|Any CPU
		{6BDFBFE0-DE3E-42E2-9A81-12F063A4B45D}.Debug|Any CPU.Build.0 = Debug|Any CPU
		{6BDFBFE0-DE3E-42E2-9A81-12F063A4B45D}.Debug|x64.ActiveCfg = Debug|Any CPU
		{6BDFBFE0-DE3E-42E2-9A81-12F063A4B45D}.Debug|x64.Build.0 = Debug|Any CPU
		{6BDFBFE0-DE3E-42E2-9A81-12F063A4B45D}.Debug|x86.ActiveCfg = Debug|Any CPU
		{6BDFBFE0-DE3E-42E2-9A81-12F063A4B45D}.Debug|x86.Build.0 = Debug|Any CPU
		{6BDFBFE0-DE3E-42E2-9A81-12F063A4B45D}.Release|Any CPU.ActiveCfg = Release|Any CPU
		{6BDFBFE0-DE3E-42E2-9A81-12F063A4B45D}.Release|Any CPU.Build.0 = Release|Any CPU
		{6BDFBFE0-DE3E-42E2-9A81-12F063A4B45D}.Release|x64.ActiveCfg = Release|Any CPU
		{6BDFBFE0-DE3E-42E2-9A81-12F063A4B45D}.Release|x64.Build.0 = Release|Any CPU
		{6BDFBFE0-DE3E-42E2-9A81-12F063A4B45D}.Release|x86.ActiveCfg = Release|Any CPU
		{6BDFBFE0-DE3E-42E2-9A81-12F063A4B45D}.Release|x86.Build.0 = Release|Any CPU
		{DBA4BF23-2F7E-4A96-A5CE-E6E131F5CEAA}.Debug|Any CPU.ActiveCfg = Debug|Any CPU
		{DBA4BF23-2F7E-4A96-A5CE-E6E131F5CEAA}.Debug|Any CPU.Build.0 = Debug|Any CPU
		{DBA4BF23-2F7E-4A96-A5CE-E6E131F5CEAA}.Debug|x64.ActiveCfg = Debug|Any CPU
		{DBA4BF23-2F7E-4A96-A5CE-E6E131F5CEAA}.Debug|x64.Build.0 = Debug|Any CPU
		{DBA4BF23-2F7E-4A96-A5CE-E6E131F5CEAA}.Debug|x86.ActiveCfg = Debug|Any CPU
		{DBA4BF23-2F7E-4A96-A5CE-E6E131F5CEAA}.Debug|x86.Build.0 = Debug|Any CPU
		{DBA4BF23-2F7E-4A96-A5CE-E6E131F5CEAA}.Release|Any CPU.ActiveCfg = Release|Any CPU
		{DBA4BF23-2F7E-4A96-A5CE-E6E131F5CEAA}.Release|Any CPU.Build.0 = Release|Any CPU
		{DBA4BF23-2F7E-4A96-A5CE-E6E131F5CEAA}.Release|x64.ActiveCfg = Release|Any CPU
		{DBA4BF23-2F7E-4A96-A5CE-E6E131F5CEAA}.Release|x64.Build.0 = Release|Any CPU
		{DBA4BF23-2F7E-4A96-A5CE-E6E131F5CEAA}.Release|x86.ActiveCfg = Release|Any CPU
		{DBA4BF23-2F7E-4A96-A5CE-E6E131F5CEAA}.Release|x86.Build.0 = Release|Any CPU
		{966A4F13-8E18-4C52-B5D3-8BCAD4C86CAE}.Debug|Any CPU.ActiveCfg = Debug|Any CPU
		{966A4F13-8E18-4C52-B5D3-8BCAD4C86CAE}.Debug|Any CPU.Build.0 = Debug|Any CPU
		{966A4F13-8E18-4C52-B5D3-8BCAD4C86CAE}.Debug|x64.ActiveCfg = Debug|Any CPU
		{966A4F13-8E18-4C52-B5D3-8BCAD4C86CAE}.Debug|x64.Build.0 = Debug|Any CPU
		{966A4F13-8E18-4C52-B5D3-8BCAD4C86CAE}.Debug|x86.ActiveCfg = Debug|Any CPU
		{966A4F13-8E18-4C52-B5D3-8BCAD4C86CAE}.Debug|x86.Build.0 = Debug|Any CPU
		{966A4F13-8E18-4C52-B5D3-8BCAD4C86CAE}.Release|Any CPU.ActiveCfg = Release|Any CPU
		{966A4F13-8E18-4C52-B5D3-8BCAD4C86CAE}.Release|Any CPU.Build.0 = Release|Any CPU
		{966A4F13-8E18-4C52-B5D3-8BCAD4C86CAE}.Release|x64.ActiveCfg = Release|Any CPU
		{966A4F13-8E18-4C52-B5D3-8BCAD4C86CAE}.Release|x64.Build.0 = Release|Any CPU
		{966A4F13-8E18-4C52-B5D3-8BCAD4C86CAE}.Release|x86.ActiveCfg = Release|Any CPU
		{966A4F13-8E18-4C52-B5D3-8BCAD4C86CAE}.Release|x86.Build.0 = Release|Any CPU
		{3A0D9EA0-57B8-4101-81BC-9FF978C726A0}.Debug|Any CPU.ActiveCfg = Debug|Any CPU
		{3A0D9EA0-57B8-4101-81BC-9FF978C726A0}.Debug|Any CPU.Build.0 = Debug|Any CPU
		{3A0D9EA0-57B8-4101-81BC-9FF978C726A0}.Debug|x64.ActiveCfg = Debug|Any CPU
		{3A0D9EA0-57B8-4101-81BC-9FF978C726A0}.Debug|x64.Build.0 = Debug|Any CPU
		{3A0D9EA0-57B8-4101-81BC-9FF978C726A0}.Debug|x86.ActiveCfg = Debug|Any CPU
		{3A0D9EA0-57B8-4101-81BC-9FF978C726A0}.Debug|x86.Build.0 = Debug|Any CPU
		{3A0D9EA0-57B8-4101-81BC-9FF978C726A0}.Release|Any CPU.ActiveCfg = Release|Any CPU
		{3A0D9EA0-57B8-4101-81BC-9FF978C726A0}.Release|Any CPU.Build.0 = Release|Any CPU
		{3A0D9EA0-57B8-4101-81BC-9FF978C726A0}.Release|x64.ActiveCfg = Release|Any CPU
		{3A0D9EA0-57B8-4101-81BC-9FF978C726A0}.Release|x64.Build.0 = Release|Any CPU
		{3A0D9EA0-57B8-4101-81BC-9FF978C726A0}.Release|x86.ActiveCfg = Release|Any CPU
		{3A0D9EA0-57B8-4101-81BC-9FF978C726A0}.Release|x86.Build.0 = Release|Any CPU
	EndGlobalSection
EndGlobal
